
Microsoft Visual Studio Solution File, Format Version 12.00
# Visual Studio 2013
VisualStudioVersion = 12.0.31101.0
MinimumVisualStudioVersion = 10.0.40219.1
Project("{8BC9CEB8-8B4A-11D0-8D11-00A0C91BC942}") = "pat1016", "pat1016\pat1016.vcxproj", "{C4401105-9E22-4371-81CD-71BB48EF5131}"
EndProject
Project("{8BC9CEB8-8B4A-11D0-8D11-00A0C91BC942}") = "pat1017", "pat1017\pat1017.vcxproj", "{B6F33C8F-997E-4CA1-9103-7C099D8C1C8A}"
EndProject
Project("{8BC9CEB8-8B4A-11D0-8D11-00A0C91BC942}") = "pat1018", "pat1018\pat1018.vcxproj", "{69F3C8E8-D0F7-4A10-9883-73B5374C351E}"
EndProject
Project("{8BC9CEB8-8B4A-11D0-8D11-00A0C91BC942}") = "pat1019", "pat1019\pat1019.vcxproj", "{14853B1E-30E6-4E1F-9226-F080DC621C80}"
EndProject
Project("{8BC9CEB8-8B4A-11D0-8D11-00A0C91BC942}") = "pat1020", "pat1020\pat1020.vcxproj", "{EE427037-60E6-4B9E-A78F-BAF83801F02E}"
EndProject
Project("{8BC9CEB8-8B4A-11D0-8D11-00A0C91BC942}") = "pat1021", "pat1021\pat1021.vcxproj", "{CBF8EFA9-BFAB-41CC-8851-29F6791298DE}"
EndProject
Project("{8BC9CEB8-8B4A-11D0-8D11-00A0C91BC942}") = "pat1022", "pat1022\pat1022.vcxproj", "{997C5E3A-C7A1-4A88-A187-0D3EE478B3F0}"
EndProject
Project("{8BC9CEB8-8B4A-11D0-8D11-00A0C91BC942}") = "pat1023", "pat1023\pat1023.vcxproj", "{38A9EC6A-8536-43D9-9BFB-B7897B6FE865}"
EndProject
Project("{8BC9CEB8-8B4A-11D0-8D11-00A0C91BC942}") = "pat1024", "pat1024\pat1024.vcxproj", "{3E893B2F-1F1A-403A-AF3B-E0362553A554}"
EndProject
Project("{8BC9CEB8-8B4A-11D0-8D11-00A0C91BC942}") = "pat1025", "pat1025\pat1025.vcxproj", "{64DAF864-EFA1-4AAB-8948-5ED6B55F2392}"
EndProject
Global
	GlobalSection(SolutionConfigurationPlatforms) = preSolution
		Debug|Win32 = Debug|Win32
		Release|Win32 = Release|Win32
	EndGlobalSection
	GlobalSection(ProjectConfigurationPlatforms) = postSolution
		{C4401105-9E22-4371-81CD-71BB48EF5131}.Debug|Win32.ActiveCfg = Debug|Win32
		{C4401105-9E22-4371-81CD-71BB48EF5131}.Debug|Win32.Build.0 = Debug|Win32
		{C4401105-9E22-4371-81CD-71BB48EF5131}.Release|Win32.ActiveCfg = Release|Win32
		{C4401105-9E22-4371-81CD-71BB48EF5131}.Release|Win32.Build.0 = Release|Win32
		{B6F33C8F-997E-4CA1-9103-7C099D8C1C8A}.Debug|Win32.ActiveCfg = Debug|Win32
		{B6F33C8F-997E-4CA1-9103-7C099D8C1C8A}.Debug|Win32.Build.0 = Debug|Win32
		{B6F33C8F-997E-4CA1-9103-7C099D8C1C8A}.Release|Win32.ActiveCfg = Release|Win32
		{B6F33C8F-997E-4CA1-9103-7C099D8C1C8A}.Release|Win32.Build.0 = Release|Win32
		{69F3C8E8-D0F7-4A10-9883-73B5374C351E}.Debug|Win32.ActiveCfg = Debug|Win32
		{69F3C8E8-D0F7-4A10-9883-73B5374C351E}.Debug|Win32.Build.0 = Debug|Win32
		{69F3C8E8-D0F7-4A10-9883-73B5374C351E}.Release|Win32.ActiveCfg = Release|Win32
		{69F3C8E8-D0F7-4A10-9883-73B5374C351E}.Release|Win32.Build.0 = Release|Win32
		{14853B1E-30E6-4E1F-9226-F080DC621C80}.Debug|Win32.ActiveCfg = Debug|Win32
		{14853B1E-30E6-4E1F-9226-F080DC621C80}.Debug|Win32.Build.0 = Debug|Win32
		{14853B1E-30E6-4E1F-9226-F080DC621C80}.Release|Win32.ActiveCfg = Release|Win32
		{14853B1E-30E6-4E1F-9226-F080DC621C80}.Release|Win32.Build.0 = Release|Win32
		{EE427037-60E6-4B9E-A78F-BAF83801F02E}.Debug|Win32.ActiveCfg = Debug|Win32
		{EE427037-60E6-4B9E-A78F-BAF83801F02E}.Debug|Win32.Build.0 = Debug|Win32
		{EE427037-60E6-4B9E-A78F-BAF83801F02E}.Release|Win32.ActiveCfg = Release|Win32
		{EE427037-60E6-4B9E-A78F-BAF83801F02E}.Release|Win32.Build.0 = Release|Win32
		{CBF8EFA9-BFAB-41CC-8851-29F6791298DE}.Debug|Win32.ActiveCfg = Debug|Win32
		{CBF8EFA9-BFAB-41CC-8851-29F6791298DE}.Debug|Win32.Build.0 = Debug|Win32
		{CBF8EFA9-BFAB-41CC-8851-29F6791298DE}.Release|Win32.ActiveCfg = Release|Win32
		{CBF8EFA9-BFAB-41CC-8851-29F6791298DE}.Release|Win32.Build.0 = Release|Win32
		{997C5E3A-C7A1-4A88-A187-0D3EE478B3F0}.Debug|Win32.ActiveCfg = Debug|Win32
		{997C5E3A-C7A1-4A88-A187-0D3EE478B3F0}.Debug|Win32.Build.0 = Debug|Win32
		{997C5E3A-C7A1-4A88-A187-0D3EE478B3F0}.Release|Win32.ActiveCfg = Release|Win32
		{997C5E3A-C7A1-4A88-A187-0D3EE478B3F0}.Release|Win32.Build.0 = Release|Win32
		{38A9EC6A-8536-43D9-9BFB-B7897B6FE865}.Debug|Win32.ActiveCfg = Debug|Win32
		{38A9EC6A-8536-43D9-9BFB-B7897B6FE865}.Debug|Win32.Build.0 = Debug|Win32
		{38A9EC6A-8536-43D9-9BFB-B7897B6FE865}.Release|Win32.ActiveCfg = Release|Win32
		{38A9EC6A-8536-43D9-9BFB-B7897B6FE865}.Release|Win32.Build.0 = Release|Win32
		{3E893B2F-1F1A-403A-AF3B-E0362553A554}.Debug|Win32.ActiveCfg = Debug|Win32
		{3E893B2F-1F1A-403A-AF3B-E0362553A554}.Debug|Win32.Build.0 = Debug|Win32
		{3E893B2F-1F1A-403A-AF3B-E0362553A554}.Release|Win32.ActiveCfg = Release|Win32
		{3E893B2F-1F1A-403A-AF3B-E0362553A554}.Release|Win32.Build.0 = Release|Win32
		{64DAF864-EFA1-4AAB-8948-5ED6B55F2392}.Debug|Win32.ActiveCfg = Debug|Win32
		{64DAF864-EFA1-4AAB-8948-5ED6B55F2392}.Debug|Win32.Build.0 = Debug|Win32
		{64DAF864-EFA1-4AAB-8948-5ED6B55F2392}.Release|Win32.ActiveCfg = Release|Win32
		{64DAF864-EFA1-4AAB-8948-5ED6B55F2392}.Release|Win32.Build.0 = Release|Win32
	EndGlobalSection
	GlobalSection(SolutionProperties) = preSolution
		HideSolutionNode = FALSE
	EndGlobalSection
EndGlobal
