
Microsoft Visual Studio Solution File, Format Version 12.00
# Visual Studio 2013
VisualStudioVersion = 12.0.31101.0
MinimumVisualStudioVersion = 10.0.40219.1
Project("{8BC9CEB8-8B4A-11D0-8D11-00A0C91BC942}") = "pat1016", "pat1016\pat1016.vcxproj", "{C4401105-9E22-4371-81CD-71BB48EF5131}"
EndProject
Project("{8BC9CEB8-8B4A-11D0-8D11-00A0C91BC942}") = "pat1017", "pat1017\pat1017.vcxproj", "{B6F33C8F-997E-4CA1-9103-7C099D8C1C8A}"
EndProject
Project("{8BC9CEB8-8B4A-11D0-8D11-00A0C91BC942}") = "pat1018", "pat1018\pat1018.vcxproj", "{69F3C8E8-D0F7-4A10-9883-73B5374C351E}"
EndProject
Project("{8BC9CEB8-8B4A-11D0-8D11-00A0C91BC942}") = "pat1019", "pat1019\pat1019.vcxproj", "{14853B1E-30E6-4E1F-9226-F080DC621C80}"
EndProject
Project("{8BC9CEB8-8B4A-11D0-8D11-00A0C91BC942}") = "pat1020", "pat1020\pat1020.vcxproj", "{EE427037-60E6-4B9E-A78F-BAF83801F02E}"
EndProject
Project("{8BC9CEB8-8B4A-11D0-8D11-00A0C91BC942}") = "pat1021", "pat1021\pat1021.vcxproj", "{CBF8EFA9-BFAB-41CC-8851-29F6791298DE}"
EndProject
Project("{8BC9CEB8-8B4A-11D0-8D11-00A0C91BC942}") = "pat1022", "pat1022\pat1022.vcxproj", "{997C5E3A-C7A1-4A88-A187-0D3EE478B3F0}"
EndProject
Project("{8BC9CEB8-8B4A-11D0-8D11-00A0C91BC942}") = "pat1023", "pat1023\pat1023.vcxproj", "{38A9EC6A-8536-43D9-9BFB-B7897B6FE865}"
EndProject
Project("{8BC9CEB8-8B4A-11D0-8D11-00A0C91BC942}") = "pat1024", "pat1024\pat1024.vcxproj", "{3E893B2F-1F1A-403A-AF3B-E0362553A554}"
EndProject
Project("{8BC9CEB8-8B4A-11D0-8D11-00A0C91BC942}") = "pat1025", "pat1025\pat1025.vcxproj", "{64DAF864-EFA1-4AAB-8948-5ED6B55F2392}"
EndProject
Project("{8BC9CEB8-8B4A-11D0-8D11-00A0C91BC942}") = "pat1026", "pat1026\pat1026.vcxproj", "{DEE825E2-21A0-42D6-B765-BF4CDD3AEA2F}"
EndProject
Project("{8BC9CEB8-8B4A-11D0-8D11-00A0C91BC942}") = "pat1027", "pat1027\pat1027.vcxproj", "{183CBC6D-2CF2-4923-84C4-9BDFD22F7391}"
EndProject
Project("{8BC9CEB8-8B4A-11D0-8D11-00A0C91BC942}") = "pat1028", "pat1028\pat1028.vcxproj", "{C0AAD8A9-EA2F-474A-A26F-23D3EC6D8C64}"
EndProject
Project("{8BC9CEB8-8B4A-11D0-8D11-00A0C91BC942}") = "pat1029", "pat1029\pat1029.vcxproj", "{937B59D6-B26D-4076-8738-355B0B31742D}"
EndProject
Project("{8BC9CEB8-8B4A-11D0-8D11-00A0C91BC942}") = "pat1030", "pat1030\pat1030.vcxproj", "{B3FD931D-D3D4-415B-8B86-0BB7B462C9AA}"
EndProject
Project("{8BC9CEB8-8B4A-11D0-8D11-00A0C91BC942}") = "pat1031", "pat1031\pat1031.vcxproj", "{FDB5DE63-0633-468E-91CB-19942DA12EA9}"
EndProject
Project("{8BC9CEB8-8B4A-11D0-8D11-00A0C91BC942}") = "pat1032", "pat1032\pat1032.vcxproj", "{50389ECD-72DE-4612-84BB-9A327C0BC8D5}"
EndProject
Project("{8BC9CEB8-8B4A-11D0-8D11-00A0C91BC942}") = "pat1033", "pat1033\pat1033.vcxproj", "{4927B874-2BFB-490A-95F2-7442F178DC20}"
EndProject
Project("{8BC9CEB8-8B4A-11D0-8D11-00A0C91BC942}") = "pat1034", "pat1034\pat1034.vcxproj", "{72BFFE69-1BF1-4D7E-B0D0-BAF637A83F73}"
EndProject
Project("{8BC9CEB8-8B4A-11D0-8D11-00A0C91BC942}") = "pat1035", "pat1035\pat1035.vcxproj", "{1ED161DA-4791-4780-A50C-41AFF1A3CC4C}"
EndProject
Project("{8BC9CEB8-8B4A-11D0-8D11-00A0C91BC942}") = "test", "test\test.vcxproj", "{23DE894E-63AE-4203-803B-16F4885DCE96}"
EndProject
Project("{8BC9CEB8-8B4A-11D0-8D11-00A0C91BC942}") = "pat1005", "pat1005\pat1005.vcxproj", "{32DAF429-F417-4000-9F3B-D37F0772708C}"
EndProject
Project("{8BC9CEB8-8B4A-11D0-8D11-00A0C91BC942}") = "pat1015", "pat1015\pat1015.vcxproj", "{B810CBDA-2CE1-4224-A706-56E84334C8E8}"
EndProject
Project("{8BC9CEB8-8B4A-11D0-8D11-00A0C91BC942}") = "pat1001", "pat1001\pat1001.vcxproj", "{6F9312BA-1A44-4250-BC1D-584A404316EB}"
EndProject
Project("{8BC9CEB8-8B4A-11D0-8D11-00A0C91BC942}") = "pat1002", "pat1002\pat1002.vcxproj", "{975A062E-9ADD-4136-8E96-557E69000770}"
EndProject
Project("{8BC9CEB8-8B4A-11D0-8D11-00A0C91BC942}") = "pat1003", "pat1003\pat1003.vcxproj", "{61818117-415C-4D25-93A6-EC3B26366D2D}"
EndProject
Project("{8BC9CEB8-8B4A-11D0-8D11-00A0C91BC942}") = "pat1004", "pat1004\pat1004.vcxproj", "{281EADA7-11A9-43D9-A626-3F3B488BA796}"
EndProject
Project("{8BC9CEB8-8B4A-11D0-8D11-00A0C91BC942}") = "pat1006", "pat1006\pat1006.vcxproj", "{D9A90084-2194-46BD-94DB-4320793D55AC}"
EndProject
Project("{8BC9CEB8-8B4A-11D0-8D11-00A0C91BC942}") = "pat1007", "pat1007\pat1007.vcxproj", "{DC2D1658-0B70-4395-94DA-A865DA69CE0F}"
EndProject
Project("{8BC9CEB8-8B4A-11D0-8D11-00A0C91BC942}") = "pat1008", "pat1008\pat1008.vcxproj", "{ED70C281-399D-4689-B3DD-DF463B824647}"
EndProject
Project("{8BC9CEB8-8B4A-11D0-8D11-00A0C91BC942}") = "pat1009", "pat1009\pat1009.vcxproj", "{262141CD-40E5-4C9B-AE6C-FF920F317A9B}"
EndProject
Project("{8BC9CEB8-8B4A-11D0-8D11-00A0C91BC942}") = "pat1010", "pat1010\pat1010.vcxproj", "{7776F910-094E-465E-BBA0-69EB588ECE90}"
EndProject
Project("{8BC9CEB8-8B4A-11D0-8D11-00A0C91BC942}") = "pat1011", "pat1011\pat1011.vcxproj", "{DE3108B5-AC5C-4B2B-8344-8AA8F2965631}"
EndProject
Project("{8BC9CEB8-8B4A-11D0-8D11-00A0C91BC942}") = "pat1012", "pat1012\pat1012.vcxproj", "{ACB1706A-AAC3-41C1-8C4B-0B5DBF3DC6CF}"
EndProject
Project("{8BC9CEB8-8B4A-11D0-8D11-00A0C91BC942}") = "pat1013", "pat1013\pat1013.vcxproj", "{D6EC6437-820D-435A-95C2-0CEFE99DF03D}"
EndProject
Project("{8BC9CEB8-8B4A-11D0-8D11-00A0C91BC942}") = "pat1014", "pat1014\pat1014.vcxproj", "{55C20B6E-3D26-47EB-85AA-563A6A7D8DAD}"
EndProject
Global
	GlobalSection(SolutionConfigurationPlatforms) = preSolution
		Debug|Win32 = Debug|Win32
		Release|Win32 = Release|Win32
	EndGlobalSection
	GlobalSection(ProjectConfigurationPlatforms) = postSolution
		{C4401105-9E22-4371-81CD-71BB48EF5131}.Debug|Win32.ActiveCfg = Debug|Win32
		{C4401105-9E22-4371-81CD-71BB48EF5131}.Debug|Win32.Build.0 = Debug|Win32
		{C4401105-9E22-4371-81CD-71BB48EF5131}.Release|Win32.ActiveCfg = Release|Win32
		{C4401105-9E22-4371-81CD-71BB48EF5131}.Release|Win32.Build.0 = Release|Win32
		{B6F33C8F-997E-4CA1-9103-7C099D8C1C8A}.Debug|Win32.ActiveCfg = Debug|Win32
		{B6F33C8F-997E-4CA1-9103-7C099D8C1C8A}.Debug|Win32.Build.0 = Debug|Win32
		{B6F33C8F-997E-4CA1-9103-7C099D8C1C8A}.Release|Win32.ActiveCfg = Release|Win32
		{B6F33C8F-997E-4CA1-9103-7C099D8C1C8A}.Release|Win32.Build.0 = Release|Win32
		{69F3C8E8-D0F7-4A10-9883-73B5374C351E}.Debug|Win32.ActiveCfg = Debug|Win32
		{69F3C8E8-D0F7-4A10-9883-73B5374C351E}.Debug|Win32.Build.0 = Debug|Win32
		{69F3C8E8-D0F7-4A10-9883-73B5374C351E}.Release|Win32.ActiveCfg = Release|Win32
		{69F3C8E8-D0F7-4A10-9883-73B5374C351E}.Release|Win32.Build.0 = Release|Win32
		{14853B1E-30E6-4E1F-9226-F080DC621C80}.Debug|Win32.ActiveCfg = Debug|Win32
		{14853B1E-30E6-4E1F-9226-F080DC621C80}.Debug|Win32.Build.0 = Debug|Win32
		{14853B1E-30E6-4E1F-9226-F080DC621C80}.Release|Win32.ActiveCfg = Release|Win32
		{14853B1E-30E6-4E1F-9226-F080DC621C80}.Release|Win32.Build.0 = Release|Win32
		{EE427037-60E6-4B9E-A78F-BAF83801F02E}.Debug|Win32.ActiveCfg = Debug|Win32
		{EE427037-60E6-4B9E-A78F-BAF83801F02E}.Debug|Win32.Build.0 = Debug|Win32
		{EE427037-60E6-4B9E-A78F-BAF83801F02E}.Release|Win32.ActiveCfg = Release|Win32
		{EE427037-60E6-4B9E-A78F-BAF83801F02E}.Release|Win32.Build.0 = Release|Win32
		{CBF8EFA9-BFAB-41CC-8851-29F6791298DE}.Debug|Win32.ActiveCfg = Debug|Win32
		{CBF8EFA9-BFAB-41CC-8851-29F6791298DE}.Debug|Win32.Build.0 = Debug|Win32
		{CBF8EFA9-BFAB-41CC-8851-29F6791298DE}.Release|Win32.ActiveCfg = Release|Win32
		{CBF8EFA9-BFAB-41CC-8851-29F6791298DE}.Release|Win32.Build.0 = Release|Win32
		{997C5E3A-C7A1-4A88-A187-0D3EE478B3F0}.Debug|Win32.ActiveCfg = Debug|Win32
		{997C5E3A-C7A1-4A88-A187-0D3EE478B3F0}.Debug|Win32.Build.0 = Debug|Win32
		{997C5E3A-C7A1-4A88-A187-0D3EE478B3F0}.Release|Win32.ActiveCfg = Release|Win32
		{997C5E3A-C7A1-4A88-A187-0D3EE478B3F0}.Release|Win32.Build.0 = Release|Win32
		{38A9EC6A-8536-43D9-9BFB-B7897B6FE865}.Debug|Win32.ActiveCfg = Debug|Win32
		{38A9EC6A-8536-43D9-9BFB-B7897B6FE865}.Debug|Win32.Build.0 = Debug|Win32
		{38A9EC6A-8536-43D9-9BFB-B7897B6FE865}.Release|Win32.ActiveCfg = Release|Win32
		{38A9EC6A-8536-43D9-9BFB-B7897B6FE865}.Release|Win32.Build.0 = Release|Win32
		{3E893B2F-1F1A-403A-AF3B-E0362553A554}.Debug|Win32.ActiveCfg = Debug|Win32
		{3E893B2F-1F1A-403A-AF3B-E0362553A554}.Debug|Win32.Build.0 = Debug|Win32
		{3E893B2F-1F1A-403A-AF3B-E0362553A554}.Release|Win32.ActiveCfg = Release|Win32
		{3E893B2F-1F1A-403A-AF3B-E0362553A554}.Release|Win32.Build.0 = Release|Win32
		{64DAF864-EFA1-4AAB-8948-5ED6B55F2392}.Debug|Win32.ActiveCfg = Debug|Win32
		{64DAF864-EFA1-4AAB-8948-5ED6B55F2392}.Debug|Win32.Build.0 = Debug|Win32
		{64DAF864-EFA1-4AAB-8948-5ED6B55F2392}.Release|Win32.ActiveCfg = Release|Win32
		{64DAF864-EFA1-4AAB-8948-5ED6B55F2392}.Release|Win32.Build.0 = Release|Win32
		{DEE825E2-21A0-42D6-B765-BF4CDD3AEA2F}.Debug|Win32.ActiveCfg = Debug|Win32
		{DEE825E2-21A0-42D6-B765-BF4CDD3AEA2F}.Debug|Win32.Build.0 = Debug|Win32
		{DEE825E2-21A0-42D6-B765-BF4CDD3AEA2F}.Release|Win32.ActiveCfg = Release|Win32
		{DEE825E2-21A0-42D6-B765-BF4CDD3AEA2F}.Release|Win32.Build.0 = Release|Win32
		{183CBC6D-2CF2-4923-84C4-9BDFD22F7391}.Debug|Win32.ActiveCfg = Debug|Win32
		{183CBC6D-2CF2-4923-84C4-9BDFD22F7391}.Debug|Win32.Build.0 = Debug|Win32
		{183CBC6D-2CF2-4923-84C4-9BDFD22F7391}.Release|Win32.ActiveCfg = Release|Win32
		{183CBC6D-2CF2-4923-84C4-9BDFD22F7391}.Release|Win32.Build.0 = Release|Win32
		{C0AAD8A9-EA2F-474A-A26F-23D3EC6D8C64}.Debug|Win32.ActiveCfg = Debug|Win32
		{C0AAD8A9-EA2F-474A-A26F-23D3EC6D8C64}.Debug|Win32.Build.0 = Debug|Win32
		{C0AAD8A9-EA2F-474A-A26F-23D3EC6D8C64}.Release|Win32.ActiveCfg = Release|Win32
		{C0AAD8A9-EA2F-474A-A26F-23D3EC6D8C64}.Release|Win32.Build.0 = Release|Win32
		{937B59D6-B26D-4076-8738-355B0B31742D}.Debug|Win32.ActiveCfg = Debug|Win32
		{937B59D6-B26D-4076-8738-355B0B31742D}.Debug|Win32.Build.0 = Debug|Win32
		{937B59D6-B26D-4076-8738-355B0B31742D}.Release|Win32.ActiveCfg = Release|Win32
		{937B59D6-B26D-4076-8738-355B0B31742D}.Release|Win32.Build.0 = Release|Win32
		{B3FD931D-D3D4-415B-8B86-0BB7B462C9AA}.Debug|Win32.ActiveCfg = Debug|Win32
		{B3FD931D-D3D4-415B-8B86-0BB7B462C9AA}.Debug|Win32.Build.0 = Debug|Win32
		{B3FD931D-D3D4-415B-8B86-0BB7B462C9AA}.Release|Win32.ActiveCfg = Release|Win32
		{B3FD931D-D3D4-415B-8B86-0BB7B462C9AA}.Release|Win32.Build.0 = Release|Win32
		{FDB5DE63-0633-468E-91CB-19942DA12EA9}.Debug|Win32.ActiveCfg = Debug|Win32
		{FDB5DE63-0633-468E-91CB-19942DA12EA9}.Debug|Win32.Build.0 = Debug|Win32
		{FDB5DE63-0633-468E-91CB-19942DA12EA9}.Release|Win32.ActiveCfg = Release|Win32
		{FDB5DE63-0633-468E-91CB-19942DA12EA9}.Release|Win32.Build.0 = Release|Win32
		{50389ECD-72DE-4612-84BB-9A327C0BC8D5}.Debug|Win32.ActiveCfg = Debug|Win32
		{50389ECD-72DE-4612-84BB-9A327C0BC8D5}.Debug|Win32.Build.0 = Debug|Win32
		{50389ECD-72DE-4612-84BB-9A327C0BC8D5}.Release|Win32.ActiveCfg = Release|Win32
		{50389ECD-72DE-4612-84BB-9A327C0BC8D5}.Release|Win32.Build.0 = Release|Win32
		{4927B874-2BFB-490A-95F2-7442F178DC20}.Debug|Win32.ActiveCfg = Debug|Win32
		{4927B874-2BFB-490A-95F2-7442F178DC20}.Debug|Win32.Build.0 = Debug|Win32
		{4927B874-2BFB-490A-95F2-7442F178DC20}.Release|Win32.ActiveCfg = Release|Win32
		{4927B874-2BFB-490A-95F2-7442F178DC20}.Release|Win32.Build.0 = Release|Win32
		{72BFFE69-1BF1-4D7E-B0D0-BAF637A83F73}.Debug|Win32.ActiveCfg = Debug|Win32
		{72BFFE69-1BF1-4D7E-B0D0-BAF637A83F73}.Debug|Win32.Build.0 = Debug|Win32
		{72BFFE69-1BF1-4D7E-B0D0-BAF637A83F73}.Release|Win32.ActiveCfg = Release|Win32
		{72BFFE69-1BF1-4D7E-B0D0-BAF637A83F73}.Release|Win32.Build.0 = Release|Win32
		{1ED161DA-4791-4780-A50C-41AFF1A3CC4C}.Debug|Win32.ActiveCfg = Debug|Win32
		{1ED161DA-4791-4780-A50C-41AFF1A3CC4C}.Debug|Win32.Build.0 = Debug|Win32
		{1ED161DA-4791-4780-A50C-41AFF1A3CC4C}.Release|Win32.ActiveCfg = Release|Win32
		{1ED161DA-4791-4780-A50C-41AFF1A3CC4C}.Release|Win32.Build.0 = Release|Win32
		{23DE894E-63AE-4203-803B-16F4885DCE96}.Debug|Win32.ActiveCfg = Debug|Win32
		{23DE894E-63AE-4203-803B-16F4885DCE96}.Debug|Win32.Build.0 = Debug|Win32
		{23DE894E-63AE-4203-803B-16F4885DCE96}.Release|Win32.ActiveCfg = Release|Win32
		{23DE894E-63AE-4203-803B-16F4885DCE96}.Release|Win32.Build.0 = Release|Win32
		{32DAF429-F417-4000-9F3B-D37F0772708C}.Debug|Win32.ActiveCfg = Debug|Win32
		{32DAF429-F417-4000-9F3B-D37F0772708C}.Debug|Win32.Build.0 = Debug|Win32
		{32DAF429-F417-4000-9F3B-D37F0772708C}.Release|Win32.ActiveCfg = Release|Win32
		{32DAF429-F417-4000-9F3B-D37F0772708C}.Release|Win32.Build.0 = Release|Win32
		{B810CBDA-2CE1-4224-A706-56E84334C8E8}.Debug|Win32.ActiveCfg = Debug|Win32
		{B810CBDA-2CE1-4224-A706-56E84334C8E8}.Debug|Win32.Build.0 = Debug|Win32
		{B810CBDA-2CE1-4224-A706-56E84334C8E8}.Release|Win32.ActiveCfg = Release|Win32
		{B810CBDA-2CE1-4224-A706-56E84334C8E8}.Release|Win32.Build.0 = Release|Win32
		{6F9312BA-1A44-4250-BC1D-584A404316EB}.Debug|Win32.ActiveCfg = Debug|Win32
		{6F9312BA-1A44-4250-BC1D-584A404316EB}.Debug|Win32.Build.0 = Debug|Win32
		{6F9312BA-1A44-4250-BC1D-584A404316EB}.Release|Win32.ActiveCfg = Release|Win32
		{6F9312BA-1A44-4250-BC1D-584A404316EB}.Release|Win32.Build.0 = Release|Win32
		{975A062E-9ADD-4136-8E96-557E69000770}.Debug|Win32.ActiveCfg = Debug|Win32
		{975A062E-9ADD-4136-8E96-557E69000770}.Debug|Win32.Build.0 = Debug|Win32
		{975A062E-9ADD-4136-8E96-557E69000770}.Release|Win32.ActiveCfg = Release|Win32
		{975A062E-9ADD-4136-8E96-557E69000770}.Release|Win32.Build.0 = Release|Win32
		{61818117-415C-4D25-93A6-EC3B26366D2D}.Debug|Win32.ActiveCfg = Debug|Win32
		{61818117-415C-4D25-93A6-EC3B26366D2D}.Debug|Win32.Build.0 = Debug|Win32
		{61818117-415C-4D25-93A6-EC3B26366D2D}.Release|Win32.ActiveCfg = Release|Win32
		{61818117-415C-4D25-93A6-EC3B26366D2D}.Release|Win32.Build.0 = Release|Win32
		{281EADA7-11A9-43D9-A626-3F3B488BA796}.Debug|Win32.ActiveCfg = Debug|Win32
		{281EADA7-11A9-43D9-A626-3F3B488BA796}.Debug|Win32.Build.0 = Debug|Win32
		{281EADA7-11A9-43D9-A626-3F3B488BA796}.Release|Win32.ActiveCfg = Release|Win32
		{281EADA7-11A9-43D9-A626-3F3B488BA796}.Release|Win32.Build.0 = Release|Win32
		{D9A90084-2194-46BD-94DB-4320793D55AC}.Debug|Win32.ActiveCfg = Debug|Win32
		{D9A90084-2194-46BD-94DB-4320793D55AC}.Debug|Win32.Build.0 = Debug|Win32
		{D9A90084-2194-46BD-94DB-4320793D55AC}.Release|Win32.ActiveCfg = Release|Win32
		{D9A90084-2194-46BD-94DB-4320793D55AC}.Release|Win32.Build.0 = Release|Win32
		{DC2D1658-0B70-4395-94DA-A865DA69CE0F}.Debug|Win32.ActiveCfg = Debug|Win32
		{DC2D1658-0B70-4395-94DA-A865DA69CE0F}.Debug|Win32.Build.0 = Debug|Win32
		{DC2D1658-0B70-4395-94DA-A865DA69CE0F}.Release|Win32.ActiveCfg = Release|Win32
		{DC2D1658-0B70-4395-94DA-A865DA69CE0F}.Release|Win32.Build.0 = Release|Win32
		{ED70C281-399D-4689-B3DD-DF463B824647}.Debug|Win32.ActiveCfg = Debug|Win32
		{ED70C281-399D-4689-B3DD-DF463B824647}.Debug|Win32.Build.0 = Debug|Win32
		{ED70C281-399D-4689-B3DD-DF463B824647}.Release|Win32.ActiveCfg = Release|Win32
		{ED70C281-399D-4689-B3DD-DF463B824647}.Release|Win32.Build.0 = Release|Win32
		{262141CD-40E5-4C9B-AE6C-FF920F317A9B}.Debug|Win32.ActiveCfg = Debug|Win32
		{262141CD-40E5-4C9B-AE6C-FF920F317A9B}.Debug|Win32.Build.0 = Debug|Win32
		{262141CD-40E5-4C9B-AE6C-FF920F317A9B}.Release|Win32.ActiveCfg = Release|Win32
		{262141CD-40E5-4C9B-AE6C-FF920F317A9B}.Release|Win32.Build.0 = Release|Win32
		{7776F910-094E-465E-BBA0-69EB588ECE90}.Debug|Win32.ActiveCfg = Debug|Win32
		{7776F910-094E-465E-BBA0-69EB588ECE90}.Debug|Win32.Build.0 = Debug|Win32
		{7776F910-094E-465E-BBA0-69EB588ECE90}.Release|Win32.ActiveCfg = Release|Win32
		{7776F910-094E-465E-BBA0-69EB588ECE90}.Release|Win32.Build.0 = Release|Win32
		{DE3108B5-AC5C-4B2B-8344-8AA8F2965631}.Debug|Win32.ActiveCfg = Debug|Win32
		{DE3108B5-AC5C-4B2B-8344-8AA8F2965631}.Debug|Win32.Build.0 = Debug|Win32
		{DE3108B5-AC5C-4B2B-8344-8AA8F2965631}.Release|Win32.ActiveCfg = Release|Win32
		{DE3108B5-AC5C-4B2B-8344-8AA8F2965631}.Release|Win32.Build.0 = Release|Win32
		{ACB1706A-AAC3-41C1-8C4B-0B5DBF3DC6CF}.Debug|Win32.ActiveCfg = Debug|Win32
		{ACB1706A-AAC3-41C1-8C4B-0B5DBF3DC6CF}.Debug|Win32.Build.0 = Debug|Win32
		{ACB1706A-AAC3-41C1-8C4B-0B5DBF3DC6CF}.Release|Win32.ActiveCfg = Release|Win32
		{ACB1706A-AAC3-41C1-8C4B-0B5DBF3DC6CF}.Release|Win32.Build.0 = Release|Win32
		{D6EC6437-820D-435A-95C2-0CEFE99DF03D}.Debug|Win32.ActiveCfg = Debug|Win32
		{D6EC6437-820D-435A-95C2-0CEFE99DF03D}.Debug|Win32.Build.0 = Debug|Win32
		{D6EC6437-820D-435A-95C2-0CEFE99DF03D}.Release|Win32.ActiveCfg = Release|Win32
		{D6EC6437-820D-435A-95C2-0CEFE99DF03D}.Release|Win32.Build.0 = Release|Win32
		{55C20B6E-3D26-47EB-85AA-563A6A7D8DAD}.Debug|Win32.ActiveCfg = Debug|Win32
		{55C20B6E-3D26-47EB-85AA-563A6A7D8DAD}.Debug|Win32.Build.0 = Debug|Win32
		{55C20B6E-3D26-47EB-85AA-563A6A7D8DAD}.Release|Win32.ActiveCfg = Release|Win32
		{55C20B6E-3D26-47EB-85AA-563A6A7D8DAD}.Release|Win32.Build.0 = Release|Win32
	EndGlobalSection
	GlobalSection(SolutionProperties) = preSolution
		HideSolutionNode = FALSE
	EndGlobalSection
EndGlobal
